// !$*UTF8*$!
{
	archiveVersion = 1;
	classes = {
	};
	objectVersion = 77;
	objects = {

/* Begin PBXBuildFile section */
		EF8EEDD73034D4EE006A6D62 /* WidgetKit.framework in Frameworks */ = {isa = PBXBuildFile; fileRef = EF8EEDD63034D4EE006A6D62 /* WidgetKit.framework */; };
		EF8EEDD93034D4EE006A6D62 /* SwiftUI.framework in Frameworks */ = {isa = PBXBuildFile; fileRef = EF8EEDD83034D4EE006A6D62 /* SwiftUI.framework */; };
		EF8EEDE83034D4EE006A6D62 /* AppComplicationsExtension.appex in Embed Foundation Extensions */ = {isa = PBXBuildFile; fileRef = EF8EEDD43034D4EE006A6D62 /* AppComplicationsExtension.appex */; settings = {ATTRIBUTES = (RemoveHeadersOnCopy, ); }; };
		EFBAFE9E30338016009B0AF4 /* Challenge17 Watch App.app in Embed Watch Content */ = {isa = PBXBuildFile; fileRef = EFBAFE9D30338016009B0AF4 /* Challenge17 Watch App.app */; settings = {ATTRIBUTES = (RemoveHeadersOnCopy, ); }; };
/* End PBXBuildFile section */

/* Begin PBXContainerItemProxy section */
		EF8EEDE63034D4EE006A6D62 /* PBXContainerItemProxy */ = {
			isa = PBXContainerItemProxy;
			containerPortal = EFBAFE9130338016009B0AF4 /* Project object */;
			proxyType = 1;
			remoteGlobalIDString = EF8EEDD33034D4EE006A6D62;
			remoteInfo = AppComplicationsExtension;
		};
		EFBAFE9F30338016009B0AF4 /* PBXContainerItemProxy */ = {
			isa = PBXContainerItemProxy;
			containerPortal = EFBAFE9130338016009B0AF4 /* Project object */;
			proxyType = 1;
			remoteGlobalIDString = EFBAFE9C30338016009B0AF4;
			remoteInfo = "Challenge17 Watch App";
		};
		EFBAFEAD30338017009B0AF4 /* PBXContainerItemProxy */ = {
			isa = PBXContainerItemProxy;
			containerPortal = EFBAFE9130338016009B0AF4 /* Project object */;
			proxyType = 1;
			remoteGlobalIDString = EFBAFE9C30338016009B0AF4;
			remoteInfo = "Challenge17 Watch App";
		};
/* End PBXContainerItemProxy section */

/* Begin PBXCopyFilesBuildPhase section */
		EF8EEDED3034D4EE006A6D62 /* Embed Foundation Extensions */ = {
			isa = PBXCopyFilesBuildPhase;
			buildActionMask = 2147483647;
			dstPath = "";
			dstSubfolderSpec = 13;
			files = (
				EF8EEDE83034D4EE006A6D62 /* AppComplicationsExtension.appex in Embed Foundation Extensions */,
			);
			name = "Embed Foundation Extensions";
			runOnlyForDeploymentPostprocessing = 0;
		};
		EFBAFEC330338017009B0AF4 /* Embed Watch Content */ = {
			isa = PBXCopyFilesBuildPhase;
			buildActionMask = 2147483647;
			dstPath = "$(CONTENTS_FOLDER_PATH)/Watch";
			dstSubfolderSpec = 16;
			files = (
				EFBAFE9E30338016009B0AF4 /* Challenge17 Watch App.app in Embed Watch Content */,
			);
			name = "Embed Watch Content";
			runOnlyForDeploymentPostprocessing = 0;
		};
/* End PBXCopyFilesBuildPhase section */

/* Begin PBXFileReference section */
		EF8EEDD43034D4EE006A6D62 /* AppComplicationsExtension.appex */ = {isa = PBXFileReference; explicitFileType = "wrapper.app-extension"; includeInIndex = 0; path = AppComplicationsExtension.appex; sourceTree = BUILT_PRODUCTS_DIR; };
		EF8EEDD63034D4EE006A6D62 /* WidgetKit.framework */ = {isa = PBXFileReference; lastKnownFileType = wrapper.framework; name = WidgetKit.framework; path = System/Library/Frameworks/WidgetKit.framework; sourceTree = SDKROOT; };
		EF8EEDD83034D4EE006A6D62 /* SwiftUI.framework */ = {isa = PBXFileReference; lastKnownFileType = wrapper.framework; name = SwiftUI.framework; path = System/Library/Frameworks/SwiftUI.framework; sourceTree = SDKROOT; };
		EFBAFE9730338016009B0AF4 /* Challenge17.app */ = {isa = PBXFileReference; explicitFileType = wrapper.application; includeInIndex = 0; path = Challenge17.app; sourceTree = BUILT_PRODUCTS_DIR; };
		EFBAFE9D30338016009B0AF4 /* Challenge17 Watch App.app */ = {isa = PBXFileReference; explicitFileType = wrapper.application; includeInIndex = 0; path = "Challenge17 Watch App.app"; sourceTree = BUILT_PRODUCTS_DIR; };
		EFBAFEAC30338017009B0AF4 /* Challenge17 Watch AppTests.xctest */ = {isa = PBXFileReference; explicitFileType = wrapper.cfbundle; includeInIndex = 0; path = "Challenge17 Watch AppTests.xctest"; sourceTree = BUILT_PRODUCTS_DIR; };
/* End PBXFileReference section */

/* Begin PBXFileSystemSynchronizedBuildFileExceptionSet section */
		A013B8DF3033C9D40039EFA1 /* Exceptions for "Challenge17 Watch App" folder in "Challenge17 Watch AppTests" target */ = {
			isa = PBXFileSystemSynchronizedBuildFileExceptionSet;
			membershipExceptions = (
				View/GameView.swift,
			);
			target = EFBAFEAB30338017009B0AF4 /* Challenge17 Watch AppTests */;
		};
		EF8EEDEC3034D4EE006A6D62 /* Exceptions for "AppComplications" folder in "AppComplicationsExtension" target */ = {
			isa = PBXFileSystemSynchronizedBuildFileExceptionSet;
			membershipExceptions = (
				Info.plist,
			);
			target = EF8EEDD33034D4EE006A6D62 /* AppComplicationsExtension */;
		};
/* End PBXFileSystemSynchronizedBuildFileExceptionSet section */

/* Begin PBXFileSystemSynchronizedRootGroup section */
		EF8EEDDA3034D4EE006A6D62 /* AppComplications */ = {
			isa = PBXFileSystemSynchronizedRootGroup;
			exceptions = (
				EF8EEDEC3034D4EE006A6D62 /* Exceptions for "AppComplications" folder in "AppComplicationsExtension" target */,
			);
			path = AppComplications;
			sourceTree = "<group>";
		};
		EFBAFEA130338016009B0AF4 /* Challenge17 Watch App */ = {
			isa = PBXFileSystemSynchronizedRootGroup;
			exceptions = (
				A013B8DF3033C9D40039EFA1 /* Exceptions for "Challenge17 Watch App" folder in "Challenge17 Watch AppTests" target */,
			);
			path = "Challenge17 Watch App";
			sourceTree = "<group>";
		};
		EFBAFEAF30338017009B0AF4 /* Challenge17 Watch AppTests */ = {
			isa = PBXFileSystemSynchronizedRootGroup;
			path = "Challenge17 Watch AppTests";
			sourceTree = "<group>";
		};
/* End PBXFileSystemSynchronizedRootGroup section */

/* Begin PBXFrameworksBuildPhase section */
		EF8EEDD13034D4EE006A6D62 /* Frameworks */ = {
			isa = PBXFrameworksBuildPhase;
			buildActionMask = 2147483647;
			files = (
				EF8EEDD93034D4EE006A6D62 /* SwiftUI.framework in Frameworks */,
				EF8EEDD73034D4EE006A6D62 /* WidgetKit.framework in Frameworks */,
			);
			runOnlyForDeploymentPostprocessing = 0;
		};
		EFBAFE9A30338016009B0AF4 /* Frameworks */ = {
			isa = PBXFrameworksBuildPhase;
			buildActionMask = 2147483647;
			files = (
			);
			runOnlyForDeploymentPostprocessing = 0;
		};
		EFBAFEA930338017009B0AF4 /* Frameworks */ = {
			isa = PBXFrameworksBuildPhase;
			buildActionMask = 2147483647;
			files = (
			);
			runOnlyForDeploymentPostprocessing = 0;
		};
/* End PBXFrameworksBuildPhase section */

/* Begin PBXGroup section */
		EF8EEDD53034D4EE006A6D62 /* Frameworks */ = {
			isa = PBXGroup;
			children = (
				EF8EEDD63034D4EE006A6D62 /* WidgetKit.framework */,
				EF8EEDD83034D4EE006A6D62 /* SwiftUI.framework */,
			);
			name = Frameworks;
			sourceTree = "<group>";
		};
		EFBAFE9030338016009B0AF4 = {
			isa = PBXGroup;
			children = (
				EFBAFEA130338016009B0AF4 /* Challenge17 Watch App */,
				EFBAFEAF30338017009B0AF4 /* Challenge17 Watch AppTests */,
				EF8EEDDA3034D4EE006A6D62 /* AppComplications */,
				EF8EEDD53034D4EE006A6D62 /* Frameworks */,
				EFBAFE9830338016009B0AF4 /* Products */,
			);
			sourceTree = "<group>";
		};
		EFBAFE9830338016009B0AF4 /* Products */ = {
			isa = PBXGroup;
			children = (
				EFBAFE9730338016009B0AF4 /* Challenge17.app */,
				EFBAFE9D30338016009B0AF4 /* Challenge17 Watch App.app */,
				EFBAFEAC30338017009B0AF4 /* Challenge17 Watch AppTests.xctest */,
				EF8EEDD43034D4EE006A6D62 /* AppComplicationsExtension.appex */,
			);
			name = Products;
			sourceTree = "<group>";
		};
/* End PBXGroup section */

/* Begin PBXNativeTarget section */
		EF8EEDD33034D4EE006A6D62 /* AppComplicationsExtension */ = {
			isa = PBXNativeTarget;
			buildConfigurationList = EF8EEDE93034D4EE006A6D62 /* Build configuration list for PBXNativeTarget "AppComplicationsExtension" */;
			buildPhases = (
				EF8EEDD03034D4EE006A6D62 /* Sources */,
				EF8EEDD13034D4EE006A6D62 /* Frameworks */,
				EF8EEDD23034D4EE006A6D62 /* Resources */,
			);
			buildRules = (
			);
			dependencies = (
			);
			fileSystemSynchronizedGroups = (
				EF8EEDDA3034D4EE006A6D62 /* AppComplications */,
			);
			name = AppComplicationsExtension;
			packageProductDependencies = (
			);
			productName = AppComplicationsExtension;
			productReference = EF8EEDD43034D4EE006A6D62 /* AppComplicationsExtension.appex */;
			productType = "com.apple.product-type.app-extension";
		};
		EFBAFE9630338016009B0AF4 /* Challenge17 */ = {
			isa = PBXNativeTarget;
			buildConfigurationList = EFBAFEC430338017009B0AF4 /* Build configuration list for PBXNativeTarget "Challenge17" */;
			buildPhases = (
				EFBAFE9530338016009B0AF4 /* Resources */,
				EFBAFEC330338017009B0AF4 /* Embed Watch Content */,
			);
			buildRules = (
			);
			dependencies = (
				EFBAFEA030338016009B0AF4 /* PBXTargetDependency */,
			);
			name = Challenge17;
			packageProductDependencies = (
			);
			productName = Challenge17;
			productReference = EFBAFE9730338016009B0AF4 /* Challenge17.app */;
			productType = "com.apple.product-type.application.watchapp2-container";
		};
		EFBAFE9C30338016009B0AF4 /* Challenge17 Watch App */ = {
			isa = PBXNativeTarget;
			buildConfigurationList = EFBAFEC030338017009B0AF4 /* Build configuration list for PBXNativeTarget "Challenge17 Watch App" */;
			buildPhases = (
				EFBAFE9930338016009B0AF4 /* Sources */,
				EFBAFE9A30338016009B0AF4 /* Frameworks */,
				EFBAFE9B30338016009B0AF4 /* Resources */,
				EF8EEDED3034D4EE006A6D62 /* Embed Foundation Extensions */,
			);
			buildRules = (
			);
			dependencies = (
				EF8EEDE73034D4EE006A6D62 /* PBXTargetDependency */,
			);
			fileSystemSynchronizedGroups = (
				EFBAFEA130338016009B0AF4 /* Challenge17 Watch App */,
			);
			name = "Challenge17 Watch App";
			packageProductDependencies = (
			);
			productName = "Challenge17 Watch App";
			productReference = EFBAFE9D30338016009B0AF4 /* Challenge17 Watch App.app */;
			productType = "com.apple.product-type.application";
		};
		EFBAFEAB30338017009B0AF4 /* Challenge17 Watch AppTests */ = {
			isa = PBXNativeTarget;
			buildConfigurationList = EFBAFEC730338017009B0AF4 /* Build configuration list for PBXNativeTarget "Challenge17 Watch AppTests" */;
			buildPhases = (
				EFBAFEA830338017009B0AF4 /* Sources */,
				EFBAFEA930338017009B0AF4 /* Frameworks */,
				EFBAFEAA30338017009B0AF4 /* Resources */,
			);
			buildRules = (
			);
			dependencies = (
				EFBAFEAE30338017009B0AF4 /* PBXTargetDependency */,
			);
			fileSystemSynchronizedGroups = (
				EFBAFEAF30338017009B0AF4 /* Challenge17 Watch AppTests */,
			);
			name = "Challenge17 Watch AppTests";
			packageProductDependencies = (
			);
			productName = "Challenge17 Watch AppTests";
			productReference = EFBAFEAC30338017009B0AF4 /* Challenge17 Watch AppTests.xctest */;
			productType = "com.apple.product-type.bundle.unit-test";
		};
/* End PBXNativeTarget section */

/* Begin PBXProject section */
		EFBAFE9130338016009B0AF4 /* Project object */ = {
			isa = PBXProject;
			attributes = {
				BuildIndependentTargetsInParallel = 1;
				LastSwiftUpdateCheck = 2660;
				LastUpgradeCheck = 2650;
				TargetAttributes = {
					EF8EEDD33034D4EE006A6D62 = {
						CreatedOnToolsVersion = 26.6;
					};
					EFBAFE9630338016009B0AF4 = {
						CreatedOnToolsVersion = 26.6;
					};
					EFBAFE9C30338016009B0AF4 = {
						CreatedOnToolsVersion = 26.6;
					};
					EFBAFEAB30338017009B0AF4 = {
						CreatedOnToolsVersion = 26.6;
						TestTargetID = EFBAFE9C30338016009B0AF4;
					};
				};
			};
			buildConfigurationList = EFBAFE9430338016009B0AF4 /* Build configuration list for PBXProject "Challenge17" */;
			developmentRegion = en;
			hasScannedForEncodings = 0;
			knownRegions = (
				en,
				Base,
			);
			mainGroup = EFBAFE9030338016009B0AF4;
			minimizedProjectReferenceProxies = 1;
			preferredProjectObjectVersion = 77;
			productRefGroup = EFBAFE9830338016009B0AF4 /* Products */;
			projectDirPath = "";
			projectRoot = "";
			targets = (
				EFBAFE9630338016009B0AF4 /* Challenge17 */,
				EFBAFE9C30338016009B0AF4 /* Challenge17 Watch App */,
				EFBAFEAB30338017009B0AF4 /* Challenge17 Watch AppTests */,
				EF8EEDD33034D4EE006A6D62 /* AppComplicationsExtension */,
			);
		};
/* End PBXProject section */

/* Begin PBXResourcesBuildPhase section */
		EF8EEDD23034D4EE006A6D62 /* Resources */ = {
			isa = PBXResourcesBuildPhase;
			buildActionMask = 2147483647;
			files = (
			);
			runOnlyForDeploymentPostprocessing = 0;
		};
		EFBAFE9530338016009B0AF4 /* Resources */ = {
			isa = PBXResourcesBuildPhase;
			buildActionMask = 2147483647;
			files = (
			);
			runOnlyForDeploymentPostprocessing = 0;
		};
		EFBAFE9B30338016009B0AF4 /* Resources */ = {
			isa = PBXResourcesBuildPhase;
			buildActionMask = 2147483647;
			files = (
			);
			runOnlyForDeploymentPostprocessing = 0;
		};
		EFBAFEAA30338017009B0AF4 /* Resources */ = {
			isa = PBXResourcesBuildPhase;
			buildActionMask = 2147483647;
			files = (
			);
			runOnlyForDeploymentPostprocessing = 0;
		};
/* End PBXResourcesBuildPhase section */

/* Begin PBXSourcesBuildPhase section */
		EF8EEDD03034D4EE006A6D62 /* Sources */ = {
			isa = PBXSourcesBuildPhase;
			buildActionMask = 2147483647;
			files = (
			);
			runOnlyForDeploymentPostprocessing = 0;
		};
		EFBAFE9930338016009B0AF4 /* Sources */ = {
			isa = PBXSourcesBuildPhase;
			buildActionMask = 2147483647;
			files = (
			);
			runOnlyForDeploymentPostprocessing = 0;
		};
		EFBAFEA830338017009B0AF4 /* Sources */ = {
			isa = PBXSourcesBuildPhase;
			buildActionMask = 2147483647;
			files = (
			);
			runOnlyForDeploymentPostprocessing = 0;
		};
/* End PBXSourcesBuildPhase section */

/* Begin PBXTargetDependency section */
		EF8EEDE73034D4EE006A6D62 /* PBXTargetDependency */ = {
			isa = PBXTargetDependency;
			target = EF8EEDD33034D4EE006A6D62 /* AppComplicationsExtension */;
			targetProxy = EF8EEDE63034D4EE006A6D62 /* PBXContainerItemProxy */;
		};
		EFBAFEA030338016009B0AF4 /* PBXTargetDependency */ = {
			isa = PBXTargetDependency;
			target = EFBAFE9C30338016009B0AF4 /* Challenge17 Watch App */;
			targetProxy = EFBAFE9F30338016009B0AF4 /* PBXContainerItemProxy */;
		};
		EFBAFEAE30338017009B0AF4 /* PBXTargetDependency */ = {
			isa = PBXTargetDependency;
			target = EFBAFE9C30338016009B0AF4 /* Challenge17 Watch App */;
			targetProxy = EFBAFEAD30338017009B0AF4 /* PBXContainerItemProxy */;
		};
/* End PBXTargetDependency section */

/* Begin XCBuildConfiguration section */
		EF8EEDEA3034D4EE006A6D62 /* Debug */ = {
			isa = XCBuildConfiguration;
			buildSettings = {
				ASSETCATALOG_COMPILER_GLOBAL_ACCENT_COLOR_NAME = AccentColor;
				ASSETCATALOG_COMPILER_WIDGET_BACKGROUND_COLOR_NAME = WidgetBackground;
				CODE_SIGN_STYLE = Automatic;
				CURRENT_PROJECT_VERSION = 1;
				DEVELOPMENT_TEAM = 29HC4SA3R9;
				GENERATE_INFOPLIST_FILE = YES;
				INFOPLIST_FILE = AppComplications/Info.plist;
				INFOPLIST_KEY_CFBundleDisplayName = AppComplications;
				INFOPLIST_KEY_NSHumanReadableCopyright = "";
				LD_RUNPATH_SEARCH_PATHS = (
					"$(inherited)",
					"@executable_path/Frameworks",
					"@executable_path/../../Frameworks",
					"@executable_path/../../../../Frameworks",
				);
				MARKETING_VERSION = 1.0;
				PRODUCT_BUNDLE_IDENTIFIER = br.com.paulo.Challenge17.watchkitapppp.AppComplications;
				PRODUCT_NAME = "$(TARGET_NAME)";
				SDKROOT = watchos;
				SKIP_INSTALL = YES;
				STRING_CATALOG_GENERATE_SYMBOLS = YES;
				SWIFT_APPROACHABLE_CONCURRENCY = YES;
				SWIFT_EMIT_LOC_STRINGS = YES;
				SWIFT_UPCOMING_FEATURE_MEMBER_IMPORT_VISIBILITY = YES;
				SWIFT_VERSION = 5.0;
				TARGETED_DEVICE_FAMILY = 4;
				WATCHOS_DEPLOYMENT_TARGET = 26.5;
			};
			name = Debug;
		};
		EF8EEDEB3034D4EE006A6D62 /* Release */ = {
			isa = XCBuildConfiguration;
			buildSettings = {
				ASSETCATALOG_COMPILER_GLOBAL_ACCENT_COLOR_NAME = AccentColor;
				ASSETCATALOG_COMPILER_WIDGET_BACKGROUND_COLOR_NAME = WidgetBackground;
				CODE_SIGN_STYLE = Automatic;
				CURRENT_PROJECT_VERSION = 1;
				DEVELOPMENT_TEAM = 29HC4SA3R9;
				GENERATE_INFOPLIST_FILE = YES;
				INFOPLIST_FILE = AppComplications/Info.plist;
				INFOPLIST_KEY_CFBundleDisplayName = AppComplications;
				INFOPLIST_KEY_NSHumanReadableCopyright = "";
				LD_RUNPATH_SEARCH_PATHS = (
					"$(inherited)",
					"@executable_path/Frameworks",
					"@executable_path/../../Frameworks",
					"@executable_path/../../../../Frameworks",
				);
				MARKETING_VERSION = 1.0;
				PRODUCT_BUNDLE_IDENTIFIER = br.com.paulo.Challenge17.watchkitapppp.AppComplications;
				PRODUCT_NAME = "$(TARGET_NAME)";
				SDKROOT = watchos;
				SKIP_INSTALL = YES;
				STRING_CATALOG_GENERATE_SYMBOLS = YES;
				SWIFT_APPROACHABLE_CONCURRENCY = YES;
				SWIFT_EMIT_LOC_STRINGS = YES;
				SWIFT_UPCOMING_FEATURE_MEMBER_IMPORT_VISIBILITY = YES;
				SWIFT_VERSION = 5.0;
				TARGETED_DEVICE_FAMILY = 4;
				VALIDATE_PRODUCT = YES;
				WATCHOS_DEPLOYMENT_TARGET = 26.5;
			};
			name = Release;
		};
		EFBAFEBE30338017009B0AF4 /* Debug */ = {
			isa = XCBuildConfiguration;
			buildSettings = {
				ALWAYS_SEARCH_USER_PATHS = NO;
				ASSETCATALOG_COMPILER_GENERATE_SWIFT_ASSET_SYMBOL_EXTENSIONS = YES;
				CLANG_ANALYZER_NONNULL = YES;
				CLANG_ANALYZER_NUMBER_OBJECT_CONVERSION = YES_AGGRESSIVE;
				CLANG_CXX_LANGUAGE_STANDARD = "gnu++20";
				CLANG_ENABLE_MODULES = YES;
				CLANG_ENABLE_OBJC_ARC = YES;
				CLANG_ENABLE_OBJC_WEAK = YES;
				CLANG_WARN_BLOCK_CAPTURE_AUTORELEASING = YES;
				CLANG_WARN_BOOL_CONVERSION = YES;
				CLANG_WARN_COMMA = YES;
				CLANG_WARN_CONSTANT_CONVERSION = YES;
				CLANG_WARN_DEPRECATED_OBJC_IMPLEMENTATIONS = YES;
				CLANG_WARN_DIRECT_OBJC_ISA_USAGE = YES_ERROR;
				CLANG_WARN_DOCUMENTATION_COMMENTS = YES;
				CLANG_WARN_EMPTY_BODY = YES;
				CLANG_WARN_ENUM_CONVERSION = YES;
				CLANG_WARN_INFINITE_RECURSION = YES;
				CLANG_WARN_INT_CONVERSION = YES;
				CLANG_WARN_NON_LITERAL_NULL_CONVERSION = YES;
				CLANG_WARN_OBJC_IMPLICIT_RETAIN_SELF = YES;
				CLANG_WARN_OBJC_LITERAL_CONVERSION = YES;
				CLANG_WARN_OBJC_ROOT_CLASS = YES_ERROR;
				CLANG_WARN_QUOTED_INCLUDE_IN_FRAMEWORK_HEADER = YES;
				CLANG_WARN_RANGE_LOOP_ANALYSIS = YES;
				CLANG_WARN_STRICT_PROTOTYPES = YES;
				CLANG_WARN_SUSPICIOUS_MOVE = YES;
				CLANG_WARN_UNGUARDED_AVAILABILITY = YES_AGGRESSIVE;
				CLANG_WARN_UNREACHABLE_CODE = YES;
				CLANG_WARN__DUPLICATE_METHOD_MATCH = YES;
				COPY_PHASE_STRIP = NO;
				DEAD_CODE_STRIPPING = YES;
				DEBUG_INFORMATION_FORMAT = dwarf;
				DEVELOPMENT_TEAM = 29HC4SA3R9;
				ENABLE_STRICT_OBJC_MSGSEND = YES;
				ENABLE_TESTABILITY = YES;
				ENABLE_USER_SCRIPT_SANDBOXING = YES;
				GCC_C_LANGUAGE_STANDARD = gnu17;
				GCC_DYNAMIC_NO_PIC = NO;
				GCC_NO_COMMON_BLOCKS = YES;
				GCC_OPTIMIZATION_LEVEL = 0;
				GCC_PREPROCESSOR_DEFINITIONS = (
					"DEBUG=1",
					"$(inherited)",
				);
				GCC_WARN_64_TO_32_BIT_CONVERSION = YES;
				GCC_WARN_ABOUT_RETURN_TYPE = YES_ERROR;
				GCC_WARN_UNDECLARED_SELECTOR = YES;
				GCC_WARN_UNINITIALIZED_AUTOS = YES_AGGRESSIVE;
				GCC_WARN_UNUSED_FUNCTION = YES;
				GCC_WARN_UNUSED_VARIABLE = YES;
				LOCALIZATION_PREFERS_STRING_CATALOGS = YES;
				MTL_ENABLE_DEBUG_INFO = INCLUDE_SOURCE;
				MTL_FAST_MATH = YES;
				ONLY_ACTIVE_ARCH = YES;
				STRING_CATALOG_GENERATE_SYMBOLS = YES;
				SWIFT_ACTIVE_COMPILATION_CONDITIONS = "DEBUG $(inherited)";
				SWIFT_OPTIMIZATION_LEVEL = "-Onone";
			};
			name = Debug;
		};
		EFBAFEBF30338017009B0AF4 /* Release */ = {
			isa = XCBuildConfiguration;
			buildSettings = {
				ALWAYS_SEARCH_USER_PATHS = NO;
				ASSETCATALOG_COMPILER_GENERATE_SWIFT_ASSET_SYMBOL_EXTENSIONS = YES;
				CLANG_ANALYZER_NONNULL = YES;
				CLANG_ANALYZER_NUMBER_OBJECT_CONVERSION = YES_AGGRESSIVE;
				CLANG_CXX_LANGUAGE_STANDARD = "gnu++20";
				CLANG_ENABLE_MODULES = YES;
				CLANG_ENABLE_OBJC_ARC = YES;
				CLANG_ENABLE_OBJC_WEAK = YES;
				CLANG_WARN_BLOCK_CAPTURE_AUTORELEASING = YES;
				CLANG_WARN_BOOL_CONVERSION = YES;
				CLANG_WARN_COMMA = YES;
				CLANG_WARN_CONSTANT_CONVERSION = YES;
				CLANG_WARN_DEPRECATED_OBJC_IMPLEMENTATIONS = YES;
				CLANG_WARN_DIRECT_OBJC_ISA_USAGE = YES_ERROR;
				CLANG_WARN_DOCUMENTATION_COMMENTS = YES;
				CLANG_WARN_EMPTY_BODY = YES;
				CLANG_WARN_ENUM_CONVERSION = YES;
				CLANG_WARN_INFINITE_RECURSION = YES;
				CLANG_WARN_INT_CONVERSION = YES;
				CLANG_WARN_NON_LITERAL_NULL_CONVERSION = YES;
				CLANG_WARN_OBJC_IMPLICIT_RETAIN_SELF = YES;
				CLANG_WARN_OBJC_LITERAL_CONVERSION = YES;
				CLANG_WARN_OBJC_ROOT_CLASS = YES_ERROR;
				CLANG_WARN_QUOTED_INCLUDE_IN_FRAMEWORK_HEADER = YES;
				CLANG_WARN_RANGE_LOOP_ANALYSIS = YES;
				CLANG_WARN_STRICT_PROTOTYPES = YES;
				CLANG_WARN_SUSPICIOUS_MOVE = YES;
				CLANG_WARN_UNGUARDED_AVAILABILITY = YES_AGGRESSIVE;
				CLANG_WARN_UNREACHABLE_CODE = YES;
				CLANG_WARN__DUPLICATE_METHOD_MATCH = YES;
				COPY_PHASE_STRIP = NO;
				DEAD_CODE_STRIPPING = YES;
				DEBUG_INFORMATION_FORMAT = "dwarf-with-dsym";
				DEVELOPMENT_TEAM = 29HC4SA3R9;
				ENABLE_NS_ASSERTIONS = NO;
				ENABLE_STRICT_OBJC_MSGSEND = YES;
				ENABLE_USER_SCRIPT_SANDBOXING = YES;
				GCC_C_LANGUAGE_STANDARD = gnu17;
				GCC_NO_COMMON_BLOCKS = YES;
				GCC_WARN_64_TO_32_BIT_CONVERSION = YES;
				GCC_WARN_ABOUT_RETURN_TYPE = YES_ERROR;
				GCC_WARN_UNDECLARED_SELECTOR = YES;
				GCC_WARN_UNINITIALIZED_AUTOS = YES_AGGRESSIVE;
				GCC_WARN_UNUSED_FUNCTION = YES;
				GCC_WARN_UNUSED_VARIABLE = YES;
				LOCALIZATION_PREFERS_STRING_CATALOGS = YES;
				MTL_ENABLE_DEBUG_INFO = NO;
				MTL_FAST_MATH = YES;
				STRING_CATALOG_GENERATE_SYMBOLS = YES;
				SWIFT_COMPILATION_MODE = wholemodule;
			};
			name = Release;
		};
		EFBAFEC130338017009B0AF4 /* Debug */ = {
			isa = XCBuildConfiguration;
			buildSettings = {
				ASSETCATALOG_COMPILER_APPICON_NAME = AppIcon;
				ASSETCATALOG_COMPILER_GLOBAL_ACCENT_COLOR_NAME = AccentColor;
				CODE_SIGN_ENTITLEMENTS = "Challenge17 Watch App/Challenge17 Watch App.entitlements";
				CODE_SIGN_STYLE = Automatic;
				CURRENT_PROJECT_VERSION = 1;
				DEVELOPMENT_TEAM = 29HC4SA3R9;
				ENABLE_PREVIEWS = YES;
				GENERATE_INFOPLIST_FILE = YES;
				INFOPLIST_FILE = "Challenge17-Watch-App-Info.plist";
				INFOPLIST_KEY_CFBundleDisplayName = Challenge17;
				INFOPLIST_KEY_NSHealthShareUsageDescription = "Our app need permission to collect your heart rate and calorie spense during activities to show after the workout.";
				INFOPLIST_KEY_NSHealthUpdateUsageDescription = "Our app needs your permission to save your workout to the health app.";
				INFOPLIST_KEY_UISupportedInterfaceOrientations = "UIInterfaceOrientationPortrait UIInterfaceOrientationPortraitUpsideDown";
				INFOPLIST_KEY_WKWatchOnly = YES;
				LD_RUNPATH_SEARCH_PATHS = (
					"$(inherited)",
					"@executable_path/Frameworks",
				);
				MARKETING_VERSION = 1.0;
				PRODUCT_BUNDLE_IDENTIFIER = br.com.paulo.Challenge17.watchkitapppp;
				PRODUCT_NAME = "$(TARGET_NAME)";
				SDKROOT = watchos;
				SKIP_INSTALL = YES;
				STRING_CATALOG_GENERATE_SYMBOLS = YES;
				SWIFT_APPROACHABLE_CONCURRENCY = YES;
				SWIFT_DEFAULT_ACTOR_ISOLATION = MainActor;
				SWIFT_EMIT_LOC_STRINGS = YES;
				SWIFT_UPCOMING_FEATURE_MEMBER_IMPORT_VISIBILITY = YES;
				SWIFT_VERSION = 5.0;
				TARGETED_DEVICE_FAMILY = 4;
				WATCHOS_DEPLOYMENT_TARGET = 26.0;
			};
			name = Debug;
		};
		EFBAFEC230338017009B0AF4 /* Release */ = {
			isa = XCBuildConfiguration;
			buildSettings = {
				ASSETCATALOG_COMPILER_APPICON_NAME = AppIcon;
				ASSETCATALOG_COMPILER_GLOBAL_ACCENT_COLOR_NAME = AccentColor;
				CODE_SIGN_ENTITLEMENTS = "Challenge17 Watch App/Challenge17 Watch App.entitlements";
				CODE_SIGN_STYLE = Automatic;
				CURRENT_PROJECT_VERSION = 1;
				DEVELOPMENT_TEAM = 29HC4SA3R9;
				ENABLE_PREVIEWS = YES;
				GENERATE_INFOPLIST_FILE = YES;
				INFOPLIST_FILE = "Challenge17-Watch-App-Info.plist";
				INFOPLIST_KEY_CFBundleDisplayName = Challenge17;
				INFOPLIST_KEY_NSHealthShareUsageDescription = "Our app need permission to collect your heart rate and calorie spense during activities to show after the workout.";
				INFOPLIST_KEY_NSHealthUpdateUsageDescription = "Our app needs your permission to save your workout to the health app.";
				INFOPLIST_KEY_UISupportedInterfaceOrientations = "UIInterfaceOrientationPortrait UIInterfaceOrientationPortraitUpsideDown";
				INFOPLIST_KEY_WKWatchOnly = YES;
				LD_RUNPATH_SEARCH_PATHS = (
					"$(inherited)",
					"@executable_path/Frameworks",
				);
				MARKETING_VERSION = 1.0;
				PRODUCT_BUNDLE_IDENTIFIER = br.com.paulo.Challenge17.watchkitapppp;
				PRODUCT_NAME = "$(TARGET_NAME)";
				SDKROOT = watchos;
				SKIP_INSTALL = YES;
				STRING_CATALOG_GENERATE_SYMBOLS = YES;
				SWIFT_APPROACHABLE_CONCURRENCY = YES;
				SWIFT_DEFAULT_ACTOR_ISOLATION = MainActor;
				SWIFT_EMIT_LOC_STRINGS = YES;
				SWIFT_UPCOMING_FEATURE_MEMBER_IMPORT_VISIBILITY = YES;
				SWIFT_VERSION = 5.0;
				TARGETED_DEVICE_FAMILY = 4;
				VALIDATE_PRODUCT = YES;
				WATCHOS_DEPLOYMENT_TARGET = 26.0;
			};
			name = Release;
		};
		EFBAFEC530338017009B0AF4 /* Debug */ = {
			isa = XCBuildConfiguration;
			buildSettings = {
				CODE_SIGN_STYLE = Automatic;
				CURRENT_PROJECT_VERSION = 1;
				DEVELOPMENT_TEAM = 29HC4SA3R9;
				INFOPLIST_KEY_CFBundleDisplayName = Challenge17;
				MARKETING_VERSION = 1.0;
				PRODUCT_BUNDLE_IDENTIFIER = br.com.paulo.Challenge17;
				PRODUCT_NAME = "$(TARGET_NAME)";
				SDKROOT = iphoneos;
				SWIFT_APPROACHABLE_CONCURRENCY = YES;
				SWIFT_UPCOMING_FEATURE_MEMBER_IMPORT_VISIBILITY = YES;
				SWIFT_VERSION = 5.0;
			};
			name = Debug;
		};
		EFBAFEC630338017009B0AF4 /* Release */ = {
			isa = XCBuildConfiguration;
			buildSettings = {
				CODE_SIGN_STYLE = Automatic;
				CURRENT_PROJECT_VERSION = 1;
				DEVELOPMENT_TEAM = 29HC4SA3R9;
				INFOPLIST_KEY_CFBundleDisplayName = Challenge17;
				MARKETING_VERSION = 1.0;
				PRODUCT_BUNDLE_IDENTIFIER = br.com.paulo.Challenge17;
				PRODUCT_NAME = "$(TARGET_NAME)";
				SDKROOT = iphoneos;
				SWIFT_APPROACHABLE_CONCURRENCY = YES;
				SWIFT_UPCOMING_FEATURE_MEMBER_IMPORT_VISIBILITY = YES;
				SWIFT_VERSION = 5.0;
				VALIDATE_PRODUCT = YES;
			};
			name = Release;
		};
		EFBAFEC830338017009B0AF4 /* Debug */ = {
			isa = XCBuildConfiguration;
			buildSettings = {
				BUNDLE_LOADER = "$(TEST_HOST)";
				CODE_SIGN_STYLE = Automatic;
				CURRENT_PROJECT_VERSION = 1;
				DEVELOPMENT_TEAM = 29HC4SA3R9;
				GENERATE_INFOPLIST_FILE = YES;
				MARKETING_VERSION = 1.0;
				PRODUCT_BUNDLE_IDENTIFIER = "br.com.paulo.Challenge17-Watch-AppTests";
				PRODUCT_NAME = "$(TARGET_NAME)";
				SDKROOT = watchos;
				STRING_CATALOG_GENERATE_SYMBOLS = NO;
				SWIFT_APPROACHABLE_CONCURRENCY = YES;
				SWIFT_EMIT_LOC_STRINGS = NO;
				SWIFT_UPCOMING_FEATURE_MEMBER_IMPORT_VISIBILITY = YES;
				SWIFT_VERSION = 5.0;
				TARGETED_DEVICE_FAMILY = 4;
				TEST_HOST = "$(BUILT_PRODUCTS_DIR)/Challenge17 Watch App.app/$(BUNDLE_EXECUTABLE_FOLDER_PATH)/Challenge17 Watch App";
				WATCHOS_DEPLOYMENT_TARGET = 26.5;
			};
			name = Debug;
		};
		EFBAFEC930338017009B0AF4 /* Release */ = {
			isa = XCBuildConfiguration;
			buildSettings = {
				BUNDLE_LOADER = "$(TEST_HOST)";
				CODE_SIGN_STYLE = Automatic;
				CURRENT_PROJECT_VERSION = 1;
				DEVELOPMENT_TEAM = 29HC4SA3R9;
				GENERATE_INFOPLIST_FILE = YES;
				MARKETING_VERSION = 1.0;
				PRODUCT_BUNDLE_IDENTIFIER = "br.com.paulo.Challenge17-Watch-AppTests";
				PRODUCT_NAME = "$(TARGET_NAME)";
				SDKROOT = watchos;
				STRING_CATALOG_GENERATE_SYMBOLS = NO;
				SWIFT_APPROACHABLE_CONCURRENCY = YES;
				SWIFT_EMIT_LOC_STRINGS = NO;
				SWIFT_UPCOMING_FEATURE_MEMBER_IMPORT_VISIBILITY = YES;
				SWIFT_VERSION = 5.0;
				TARGETED_DEVICE_FAMILY = 4;
				TEST_HOST = "$(BUILT_PRODUCTS_DIR)/Challenge17 Watch App.app/$(BUNDLE_EXECUTABLE_FOLDER_PATH)/Challenge17 Watch App";
				VALIDATE_PRODUCT = YES;
				WATCHOS_DEPLOYMENT_TARGET = 26.5;
			};
			name = Release;
		};
/* End XCBuildConfiguration section */

/* Begin XCConfigurationList section */
		EF8EEDE93034D4EE006A6D62 /* Build configuration list for PBXNativeTarget "AppComplicationsExtension" */ = {
			isa = XCConfigurationList;
			buildConfigurations = (
				EF8EEDEA3034D4EE006A6D62 /* Debug */,
				EF8EEDEB3034D4EE006A6D62 /* Release */,
			);
			defaultConfigurationIsVisible = 0;
			defaultConfigurationName = Release;
		};
		EFBAFE9430338016009B0AF4 /* Build configuration list for PBXProject "Challenge17" */ = {
			isa = XCConfigurationList;
			buildConfigurations = (
				EFBAFEBE30338017009B0AF4 /* Debug */,
				EFBAFEBF30338017009B0AF4 /* Release */,
			);
			defaultConfigurationIsVisible = 0;
			defaultConfigurationName = Release;
		};
		EFBAFEC030338017009B0AF4 /* Build configuration list for PBXNativeTarget "Challenge17 Watch App" */ = {
			isa = XCConfigurationList;
			buildConfigurations = (
				EFBAFEC130338017009B0AF4 /* Debug */,
				EFBAFEC230338017009B0AF4 /* Release */,
			);
			defaultConfigurationIsVisible = 0;
			defaultConfigurationName = Release;
		};
		EFBAFEC430338017009B0AF4 /* Build configuration list for PBXNativeTarget "Challenge17" */ = {
			isa = XCConfigurationList;
			buildConfigurations = (
				EFBAFEC530338017009B0AF4 /* Debug */,
				EFBAFEC630338017009B0AF4 /* Release */,
			);
			defaultConfigurationIsVisible = 0;
			defaultConfigurationName = Release;
		};
		EFBAFEC730338017009B0AF4 /* Build configuration list for PBXNativeTarget "Challenge17 Watch AppTests" */ = {
			isa = XCConfigurationList;
			buildConfigurations = (
				EFBAFEC830338017009B0AF4 /* Debug */,
				EFBAFEC930338017009B0AF4 /* Release */,
			);
			defaultConfigurationIsVisible = 0;
			defaultConfigurationName = Release;
		};
/* End XCConfigurationList section */
	};
	rootObject = EFBAFE9130338016009B0AF4 /* Project object */;
}
